
Microsoft Visual Studio Solution File, Format Version 12.00
# Visual Studio Version 17
VisualStudioVersion = 17.2.32516.85
MinimumVisualStudioVersion = 10.0.40219.1
Project("{9A19103F-16F7-4668-BE54-9A1E7A4F7556}") = "BusinessObject", "BusinessObject\BusinessObject.csproj", "{103781FD-94E5-403F-9C01-4580C246632E}"
EndProject
Project("{9A19103F-16F7-4668-BE54-9A1E7A4F7556}") = "DataAccess", "DataAccess\DataAccess.csproj", "{8FA73CB9-A95C-4AB7-91F5-F03A5F54AFE2}"
EndProject
Project("{9A19103F-16F7-4668-BE54-9A1E7A4F7556}") = "DentistBookingWebApp", "DentistBookingWebApp\DentistBookingWebApp.csproj", "{897E43D8-9637-4650-A6B1-73FE7D7B9FBE}"
EndProject
Global
	GlobalSection(SolutionConfigurationPlatforms) = preSolution
		Debug|Any CPU = Debug|Any CPU
		Release|Any CPU = Release|Any CPU
	EndGlobalSection
	GlobalSection(ProjectConfigurationPlatforms) = postSolution
		{103781FD-94E5-403F-9C01-4580C246632E}.Debug|Any CPU.ActiveCfg = Debug|Any CPU
		{103781FD-94E5-403F-9C01-4580C246632E}.Debug|Any CPU.Build.0 = Debug|Any CPU
		{103781FD-94E5-403F-9C01-4580C246632E}.Release|Any CPU.ActiveCfg = Release|Any CPU
		{103781FD-94E5-403F-9C01-4580C246632E}.Release|Any CPU.Build.0 = Release|Any CPU
		{8FA73CB9-A95C-4AB7-91F5-F03A5F54AFE2}.Debug|Any CPU.ActiveCfg = Debug|Any CPU
		{8FA73CB9-A95C-4AB7-91F5-F03A5F54AFE2}.Debug|Any CPU.Build.0 = Debug|Any CPU
		{8FA73CB9-A95C-4AB7-91F5-F03A5F54AFE2}.Release|Any CPU.ActiveCfg = Release|Any CPU
		{8FA73CB9-A95C-4AB7-91F5-F03A5F54AFE2}.Release|Any CPU.Build.0 = Release|Any CPU
		{897E43D8-9637-4650-A6B1-73FE7D7B9FBE}.Debug|Any CPU.ActiveCfg = Debug|Any CPU
		{897E43D8-9637-4650-A6B1-73FE7D7B9FBE}.Debug|Any CPU.Build.0 = Debug|Any CPU
		{897E43D8-9637-4650-A6B1-73FE7D7B9FBE}.Release|Any CPU.ActiveCfg = Release|Any CPU
		{897E43D8-9637-4650-A6B1-73FE7D7B9FBE}.Release|Any CPU.Build.0 = Release|Any CPU
	EndGlobalSection
	GlobalSection(SolutionProperties) = preSolution
		HideSolutionNode = FALSE
	EndGlobalSection
	GlobalSection(ExtensibilityGlobals) = postSolution
		SolutionGuid = {22FE8E13-6DCC-44F9-9C8E-61540C2FD0BA}
	EndGlobalSection
EndGlobal
